{
  "name": "frontend",
  "lockfileVersion": 3,
  "requires": true,
  "packages": {
    "": {
      "dependencies": {
        "fromagerie-app": "file:.."
      }
    },
    "..": {
      "name": "fromagerie-app",
      "version": "1.0.1",
      "dependencies": {
        "fromagerie-app": "file:.."
      },
      "engines": {
        "node": ">=20.0.0"
      }
    },
    "node_modules/fromagerie-app": {
      "resolved": "..",
      "link": true
    }
  }
}
